{
<<<<<<< HEAD
  "name": "gm-validate",
  "version": "1.0.0",
  "lockfileVersion": 2,
  "requires": true,
  "packages": {
    "": {
      "name": "gm-validate",
      "version": "1.0.0",
      "license": "ISC"
=======
    "name": "gm-validate",
    "version": "1.0.2",
    "lockfileVersion": 2,
    "requires": true,
    "packages": {
        "": {
            "name": "gm-validate",
            "version": "1.0.2",
            "license": "ISC"
        }
>>>>>>> 2d213d58db8dd5b41bed16e0b8e80ff335a90ded
    }
  }
}
